
Microsoft Visual Studio Solution File, Format Version 12.00
# Visual Studio Version 17
VisualStudioVersion = 17.0.31903.59
MinimumVisualStudioVersion = 10.0.40219.1
Project("{2150E333-8FDC-42A3-9474-1A3956D46DE8}") = "src", "src", "{827E0CD3-B72D-47B6-A68D-7590B98EB39B}"
EndProject
Project("{FAE04EC0-301F-11D3-BF4B-00C04F79EFBC}") = "TroLiKOC.API", "src\TroLiKOC.API\TroLiKOC.API.csproj", "{5F035AF2-C735-4D26-9CA6-FD9548EB1579}"
EndProject
Project("{FAE04EC0-301F-11D3-BF4B-00C04F79EFBC}") = "TroLiKOC.SharedKernel", "src\TroLiKOC.SharedKernel\TroLiKOC.SharedKernel.csproj", "{60AB3CEC-1801-4093-ACDF-E06DB5C76C5D}"
EndProject
Project("{FAE04EC0-301F-11D3-BF4B-00C04F79EFBC}") = "TroLiKOC.JobOrchestrator", "src\TroLiKOC.JobOrchestrator\TroLiKOC.JobOrchestrator.csproj", "{E3470DD6-65F7-4758-ADD1-59D07D3B591E}"
EndProject
Project("{2150E333-8FDC-42A3-9474-1A3956D46DE8}") = "Modules", "Modules", "{EC447DCF-ABFA-6E24-52A5-D7FD48A5C558}"
EndProject
Project("{FAE04EC0-301F-11D3-BF4B-00C04F79EFBC}") = "TroLiKOC.Modules.Identity", "src\Modules\TroLiKOC.Modules.Identity\TroLiKOC.Modules.Identity.csproj", "{97006CFF-436A-48E7-8720-52A39CC8C05D}"
EndProject
Project("{FAE04EC0-301F-11D3-BF4B-00C04F79EFBC}") = "TroLiKOC.Modules.Wallet", "src\Modules\TroLiKOC.Modules.Wallet\TroLiKOC.Modules.Wallet.csproj", "{F538D25B-208A-47EA-8908-D94029713B90}"
EndProject
Project("{FAE04EC0-301F-11D3-BF4B-00C04F79EFBC}") = "TroLiKOC.Modules.Subscription", "src\Modules\TroLiKOC.Modules.Subscription\TroLiKOC.Modules.Subscription.csproj", "{7BE76BDA-364B-48A6-87E4-248DE2B970E1}"
EndProject
Project("{FAE04EC0-301F-11D3-BF4B-00C04F79EFBC}") = "TroLiKOC.Modules.Jobs", "src\Modules\TroLiKOC.Modules.Jobs\TroLiKOC.Modules.Jobs.csproj", "{8491D775-AD42-4125-AEF4-12EAA0E3748E}"
EndProject
Project("{FAE04EC0-301F-11D3-BF4B-00C04F79EFBC}") = "TroLiKOC.Modules.Payment", "src\Modules\TroLiKOC.Modules.Payment\TroLiKOC.Modules.Payment.csproj", "{547B4F5D-3CCE-44C9-B8B6-72D76CDB2A92}"
EndProject
Global
	GlobalSection(SolutionConfigurationPlatforms) = preSolution
		Debug|Any CPU = Debug|Any CPU
		Debug|x64 = Debug|x64
		Debug|x86 = Debug|x86
		Release|Any CPU = Release|Any CPU
		Release|x64 = Release|x64
		Release|x86 = Release|x86
	EndGlobalSection
	GlobalSection(ProjectConfigurationPlatforms) = postSolution
		{5F035AF2-C735-4D26-9CA6-FD9548EB1579}.Debug|Any CPU.ActiveCfg = Debug|Any CPU
		{5F035AF2-C735-4D26-9CA6-FD9548EB1579}.Debug|Any CPU.Build.0 = Debug|Any CPU
		{5F035AF2-C735-4D26-9CA6-FD9548EB1579}.Debug|x64.ActiveCfg = Debug|Any CPU
		{5F035AF2-C735-4D26-9CA6-FD9548EB1579}.Debug|x64.Build.0 = Debug|Any CPU
		{5F035AF2-C735-4D26-9CA6-FD9548EB1579}.Debug|x86.ActiveCfg = Debug|Any CPU
		{5F035AF2-C735-4D26-9CA6-FD9548EB1579}.Debug|x86.Build.0 = Debug|Any CPU
		{5F035AF2-C735-4D26-9CA6-FD9548EB1579}.Release|Any CPU.ActiveCfg = Release|Any CPU
		{5F035AF2-C735-4D26-9CA6-FD9548EB1579}.Release|Any CPU.Build.0 = Release|Any CPU
		{5F035AF2-C735-4D26-9CA6-FD9548EB1579}.Release|x64.ActiveCfg = Release|Any CPU
		{5F035AF2-C735-4D26-9CA6-FD9548EB1579}.Release|x64.Build.0 = Release|Any CPU
		{5F035AF2-C735-4D26-9CA6-FD9548EB1579}.Release|x86.ActiveCfg = Release|Any CPU
		{5F035AF2-C735-4D26-9CA6-FD9548EB1579}.Release|x86.Build.0 = Release|Any CPU
		{60AB3CEC-1801-4093-ACDF-E06DB5C76C5D}.Debug|Any CPU.ActiveCfg = Debug|Any CPU
		{60AB3CEC-1801-4093-ACDF-E06DB5C76C5D}.Debug|Any CPU.Build.0 = Debug|Any CPU
		{60AB3CEC-1801-4093-ACDF-E06DB5C76C5D}.Debug|x64.ActiveCfg = Debug|Any CPU
		{60AB3CEC-1801-4093-ACDF-E06DB5C76C5D}.Debug|x64.Build.0 = Debug|Any CPU
		{60AB3CEC-1801-4093-ACDF-E06DB5C76C5D}.Debug|x86.ActiveCfg = Debug|Any CPU
		{60AB3CEC-1801-4093-ACDF-E06DB5C76C5D}.Debug|x86.Build.0 = Debug|Any CPU
		{60AB3CEC-1801-4093-ACDF-E06DB5C76C5D}.Release|Any CPU.ActiveCfg = Release|Any CPU
		{60AB3CEC-1801-4093-ACDF-E06DB5C76C5D}.Release|Any CPU.Build.0 = Release|Any CPU
		{60AB3CEC-1801-4093-ACDF-E06DB5C76C5D}.Release|x64.ActiveCfg = Release|Any CPU
		{60AB3CEC-1801-4093-ACDF-E06DB5C76C5D}.Release|x64.Build.0 = Release|Any CPU
		{60AB3CEC-1801-4093-ACDF-E06DB5C76C5D}.Release|x86.ActiveCfg = Release|Any CPU
		{60AB3CEC-1801-4093-ACDF-E06DB5C76C5D}.Release|x86.Build.0 = Release|Any CPU
		{E3470DD6-65F7-4758-ADD1-59D07D3B591E}.Debug|Any CPU.ActiveCfg = Debug|Any CPU
		{E3470DD6-65F7-4758-ADD1-59D07D3B591E}.Debug|Any CPU.Build.0 = Debug|Any CPU
		{E3470DD6-65F7-4758-ADD1-59D07D3B591E}.Debug|x64.ActiveCfg = Debug|Any CPU
		{E3470DD6-65F7-4758-ADD1-59D07D3B591E}.Debug|x64.Build.0 = Debug|Any CPU
		{E3470DD6-65F7-4758-ADD1-59D07D3B591E}.Debug|x86.ActiveCfg = Debug|Any CPU
		{E3470DD6-65F7-4758-ADD1-59D07D3B591E}.Debug|x86.Build.0 = Debug|Any CPU
		{E3470DD6-65F7-4758-ADD1-59D07D3B591E}.Release|Any CPU.ActiveCfg = Release|Any CPU
		{E3470DD6-65F7-4758-ADD1-59D07D3B591E}.Release|Any CPU.Build.0 = Release|Any CPU
		{E3470DD6-65F7-4758-ADD1-59D07D3B591E}.Release|x64.ActiveCfg = Release|Any CPU
		{E3470DD6-65F7-4758-ADD1-59D07D3B591E}.Release|x64.Build.0 = Release|Any CPU
		{E3470DD6-65F7-4758-ADD1-59D07D3B591E}.Release|x86.ActiveCfg = Release|Any CPU
		{E3470DD6-65F7-4758-ADD1-59D07D3B591E}.Release|x86.Build.0 = Release|Any CPU
		{97006CFF-436A-48E7-8720-52A39CC8C05D}.Debug|Any CPU.ActiveCfg = Debug|Any CPU
		{97006CFF-436A-48E7-8720-52A39CC8C05D}.Debug|Any CPU.Build.0 = Debug|Any CPU
		{97006CFF-436A-48E7-8720-52A39CC8C05D}.Debug|x64.ActiveCfg = Debug|Any CPU
		{97006CFF-436A-48E7-8720-52A39CC8C05D}.Debug|x64.Build.0 = Debug|Any CPU
		{97006CFF-436A-48E7-8720-52A39CC8C05D}.Debug|x86.ActiveCfg = Debug|Any CPU
		{97006CFF-436A-48E7-8720-52A39CC8C05D}.Debug|x86.Build.0 = Debug|Any CPU
		{97006CFF-436A-48E7-8720-52A39CC8C05D}.Release|Any CPU.ActiveCfg = Release|Any CPU
		{97006CFF-436A-48E7-8720-52A39CC8C05D}.Release|Any CPU.Build.0 = Release|Any CPU
		{97006CFF-436A-48E7-8720-52A39CC8C05D}.Release|x64.ActiveCfg = Release|Any CPU
		{97006CFF-436A-48E7-8720-52A39CC8C05D}.Release|x64.Build.0 = Release|Any CPU
		{97006CFF-436A-48E7-8720-52A39CC8C05D}.Release|x86.ActiveCfg = Release|Any CPU
		{97006CFF-436A-48E7-8720-52A39CC8C05D}.Release|x86.Build.0 = Release|Any CPU
		{F538D25B-208A-47EA-8908-D94029713B90}.Debug|Any CPU.ActiveCfg = Debug|Any CPU
		{F538D25B-208A-47EA-8908-D94029713B90}.Debug|Any CPU.Build.0 = Debug|Any CPU
		{F538D25B-208A-47EA-8908-D94029713B90}.Debug|x64.ActiveCfg = Debug|Any CPU
		{F538D25B-208A-47EA-8908-D94029713B90}.Debug|x64.Build.0 = Debug|Any CPU
		{F538D25B-208A-47EA-8908-D94029713B90}.Debug|x86.ActiveCfg = Debug|Any CPU
		{F538D25B-208A-47EA-8908-D94029713B90}.Debug|x86.Build.0 = Debug|Any CPU
		{F538D25B-208A-47EA-8908-D94029713B90}.Release|Any CPU.ActiveCfg = Release|Any CPU
		{F538D25B-208A-47EA-8908-D94029713B90}.Release|Any CPU.Build.0 = Release|Any CPU
		{F538D25B-208A-47EA-8908-D94029713B90}.Release|x64.ActiveCfg = Release|Any CPU
		{F538D25B-208A-47EA-8908-D94029713B90}.Release|x64.Build.0 = Release|Any CPU
		{F538D25B-208A-47EA-8908-D94029713B90}.Release|x86.ActiveCfg = Release|Any CPU
		{F538D25B-208A-47EA-8908-D94029713B90}.Release|x86.Build.0 = Release|Any CPU
		{7BE76BDA-364B-48A6-87E4-248DE2B970E1}.Debug|Any CPU.ActiveCfg = Debug|Any CPU
		{7BE76BDA-364B-48A6-87E4-248DE2B970E1}.Debug|Any CPU.Build.0 = Debug|Any CPU
		{7BE76BDA-364B-48A6-87E4-248DE2B970E1}.Debug|x64.ActiveCfg = Debug|Any CPU
		{7BE76BDA-364B-48A6-87E4-248DE2B970E1}.Debug|x64.Build.0 = Debug|Any CPU
		{7BE76BDA-364B-48A6-87E4-248DE2B970E1}.Debug|x86.ActiveCfg = Debug|Any CPU
		{7BE76BDA-364B-48A6-87E4-248DE2B970E1}.Debug|x86.Build.0 = Debug|Any CPU
		{7BE76BDA-364B-48A6-87E4-248DE2B970E1}.Release|Any CPU.ActiveCfg = Release|Any CPU
		{7BE76BDA-364B-48A6-87E4-248DE2B970E1}.Release|Any CPU.Build.0 = Release|Any CPU
		{7BE76BDA-364B-48A6-87E4-248DE2B970E1}.Release|x64.ActiveCfg = Release|Any CPU
		{7BE76BDA-364B-48A6-87E4-248DE2B970E1}.Release|x64.Build.0 = Release|Any CPU
		{7BE76BDA-364B-48A6-87E4-248DE2B970E1}.Release|x86.ActiveCfg = Release|Any CPU
		{7BE76BDA-364B-48A6-87E4-248DE2B970E1}.Release|x86.Build.0 = Release|Any CPU
		{8491D775-AD42-4125-AEF4-12EAA0E3748E}.Debug|Any CPU.ActiveCfg = Debug|Any CPU
		{8491D775-AD42-4125-AEF4-12EAA0E3748E}.Debug|Any CPU.Build.0 = Debug|Any CPU
		{8491D775-AD42-4125-AEF4-12EAA0E3748E}.Debug|x64.ActiveCfg = Debug|Any CPU
		{8491D775-AD42-4125-AEF4-12EAA0E3748E}.Debug|x64.Build.0 = Debug|Any CPU
		{8491D775-AD42-4125-AEF4-12EAA0E3748E}.Debug|x86.ActiveCfg = Debug|Any CPU
		{8491D775-AD42-4125-AEF4-12EAA0E3748E}.Debug|x86.Build.0 = Debug|Any CPU
		{8491D775-AD42-4125-AEF4-12EAA0E3748E}.Release|Any CPU.ActiveCfg = Release|Any CPU
		{8491D775-AD42-4125-AEF4-12EAA0E3748E}.Release|Any CPU.Build.0 = Release|Any CPU
		{8491D775-AD42-4125-AEF4-12EAA0E3748E}.Release|x64.ActiveCfg = Release|Any CPU
		{8491D775-AD42-4125-AEF4-12EAA0E3748E}.Release|x64.Build.0 = Release|Any CPU
		{8491D775-AD42-4125-AEF4-12EAA0E3748E}.Release|x86.ActiveCfg = Release|Any CPU
		{8491D775-AD42-4125-AEF4-12EAA0E3748E}.Release|x86.Build.0 = Release|Any CPU
		{547B4F5D-3CCE-44C9-B8B6-72D76CDB2A92}.Debug|Any CPU.ActiveCfg = Debug|Any CPU
		{547B4F5D-3CCE-44C9-B8B6-72D76CDB2A92}.Debug|Any CPU.Build.0 = Debug|Any CPU
		{547B4F5D-3CCE-44C9-B8B6-72D76CDB2A92}.Debug|x64.ActiveCfg = Debug|Any CPU
		{547B4F5D-3CCE-44C9-B8B6-72D76CDB2A92}.Debug|x64.Build.0 = Debug|Any CPU
		{547B4F5D-3CCE-44C9-B8B6-72D76CDB2A92}.Debug|x86.ActiveCfg = Debug|Any CPU
		{547B4F5D-3CCE-44C9-B8B6-72D76CDB2A92}.Debug|x86.Build.0 = Debug|Any CPU
		{547B4F5D-3CCE-44C9-B8B6-72D76CDB2A92}.Release|Any CPU.ActiveCfg = Release|Any CPU
		{547B4F5D-3CCE-44C9-B8B6-72D76CDB2A92}.Release|Any CPU.Build.0 = Release|Any CPU
		{547B4F5D-3CCE-44C9-B8B6-72D76CDB2A92}.Release|x64.ActiveCfg = Release|Any CPU
		{547B4F5D-3CCE-44C9-B8B6-72D76CDB2A92}.Release|x64.Build.0 = Release|Any CPU
		{547B4F5D-3CCE-44C9-B8B6-72D76CDB2A92}.Release|x86.ActiveCfg = Release|Any CPU
		{547B4F5D-3CCE-44C9-B8B6-72D76CDB2A92}.Release|x86.Build.0 = Release|Any CPU
	EndGlobalSection
	GlobalSection(SolutionProperties) = preSolution
		HideSolutionNode = FALSE
	EndGlobalSection
	GlobalSection(NestedProjects) = preSolution
		{5F035AF2-C735-4D26-9CA6-FD9548EB1579} = {827E0CD3-B72D-47B6-A68D-7590B98EB39B}
		{60AB3CEC-1801-4093-ACDF-E06DB5C76C5D} = {827E0CD3-B72D-47B6-A68D-7590B98EB39B}
		{E3470DD6-65F7-4758-ADD1-59D07D3B591E} = {827E0CD3-B72D-47B6-A68D-7590B98EB39B}
		{EC447DCF-ABFA-6E24-52A5-D7FD48A5C558} = {827E0CD3-B72D-47B6-A68D-7590B98EB39B}
		{97006CFF-436A-48E7-8720-52A39CC8C05D} = {EC447DCF-ABFA-6E24-52A5-D7FD48A5C558}
		{F538D25B-208A-47EA-8908-D94029713B90} = {EC447DCF-ABFA-6E24-52A5-D7FD48A5C558}
		{7BE76BDA-364B-48A6-87E4-248DE2B970E1} = {EC447DCF-ABFA-6E24-52A5-D7FD48A5C558}
		{8491D775-AD42-4125-AEF4-12EAA0E3748E} = {EC447DCF-ABFA-6E24-52A5-D7FD48A5C558}
		{547B4F5D-3CCE-44C9-B8B6-72D76CDB2A92} = {EC447DCF-ABFA-6E24-52A5-D7FD48A5C558}
	EndGlobalSection
EndGlobal
